github.com/agonopol/go-stem v0.0.0-20150630113328-985885018250/go.mod h1:JpR7ykfRJUCcS6aOUCB6dPImrYufY0NoBCDg/wqeIIo=
github.com/fluhus/biostuff v0.1.17-0.20211118133204-fb6c8c69a6a1 h1:Yy1norppGUN5raXuAZankxnmxK/iiJL8FFhwL2Yu/bs=
github.com/fluhus/biostuff v0.1.17-0.20211118133204-fb6c8c69a6a1/go.mod h1:YSCr8RcUfJYFvH5NAJ4PoNeUWircbzjEtz9I8YGUb8I=
github.com/fluhus/gostuff v0.1.9/go.mod h1:NSv0ajGDf/Ig/p/P36gPerZoTTXldX7WZixdqOMwaeA=
github.com/fluhus/gostuff v0.1.12-0.20220630124625-bc9cd053f8e6 h1:mA0A7NRK0Hh5K53g+PesXvi6PSKm+iWS/oC26aRdaDg=
github.com/fluhus/gostuff v0.1.12-0.20220630124625-bc9cd053f8e6/go.mod h1:mvYCW5Wz5macktd7g1gQ54L6gTfhpbrs48Yx6rQgpOg=
github.com/spaolacci/murmur3 v1.1.0 h1:7c1g84S4BPRrfL5Xrdp6fOJ206sU9y293DDHaoy0bLI=
github.com/spaolacci/murmur3 v1.1.0/go.mod h1:JwIasOWyU6f++ZhiEuf87xNszmSA2myDM2Kzu9HwQUA=
golang.org/x/exp v0.0.0-20220325121720-054d8573a5d8 h1:Xt4/LzbTwfocTk9ZLEu4onjeFucl88iW+v4j4PWbQuE=
golang.org/x/exp v0.0.0-20220325121720-054d8573a5d8/go.mod h1:lgLbSvA5ygNOMpwM/9anMpWVlVJ7Z+cHWq/eFuinpGE=
